
Microsoft Visual Studio Solution File, Format Version 12.00
# Visual Studio Version 17
VisualStudioVersion = 17.4.33110.190
MinimumVisualStudioVersion = 10.0.40219.1
Project("{9A19103F-16F7-4668-BE54-9A1E7A4F7556}") = "Dojo.CustomerService.CX", "Dojo.CustomerService.CX\Dojo.CustomerService.CX.csproj", "{2137A4FC-0556-48C0-B465-AB2B2317761B}"
EndProject
Project("{9A19103F-16F7-4668-BE54-9A1E7A4F7556}") = "Dojo.CustomerService.CX.UnitTests", "Dojo.CustomerService.Test\Dojo.CustomerService.CX.UnitTests.csproj", "{0060B514-E41A-4BD8-A759-18D4BE4BBAA1}"
EndProject
Project("{9A19103F-16F7-4668-BE54-9A1E7A4F7556}") = "Dojo.CustomerService.CX.Specs", "Dojo.CustomerService.BDDTests\Dojo.CustomerService.CX.Specs.csproj", "{7EF161E0-DAF8-4041-BA4B-6C68AFD175D9}"
EndProject
Project("{2150E333-8FDC-42A3-9474-1A3956D46DE8}") = "src", "src", "{67B894FA-52F4-46D6-93A7-448985A56362}"
EndProject
Project("{2150E333-8FDC-42A3-9474-1A3956D46DE8}") = "tests", "tests", "{F32C4386-B67E-4143-A54A-54A773D28ADF}"
EndProject
Project("{FAE04EC0-301F-11D3-BF4B-00C04F79EFBC}") = "CustomerService.CX.Domain", "CustomerService.CX.Domain\CustomerService.CX.Domain.csproj", "{B5571589-3886-493A-ABC1-F2AD548763BE}"
EndProject
Project("{FAE04EC0-301F-11D3-BF4B-00C04F79EFBC}") = "CustomerService.CX.Application", "CustomerService.CX.Application\CustomerService.CX.Application.csproj", "{6E37CEF6-A22E-43E7-A878-571738D59529}"
EndProject
Project("{FAE04EC0-301F-11D3-BF4B-00C04F79EFBC}") = "CustomerService.CX.WebApi", "CustomerService.CX.WebApi\CustomerService.CX.WebApi.csproj", "{351E6F41-BC0E-48E6-8BCE-5B1C4D62C193}"
EndProject
Project("{FAE04EC0-301F-11D3-BF4B-00C04F79EFBC}") = "CustomerService.CX.Infrastructure.CrossCutting", "CustomerService.CX.Infrastructure.CrossCutting\CustomerService.CX.Infrastructure.CrossCutting.csproj", "{01FA4EAC-EEEC-4D44-A10C-A70418D562C7}"
EndProject
Global
	GlobalSection(SolutionConfigurationPlatforms) = preSolution
		Debug|Any CPU = Debug|Any CPU
		Release|Any CPU = Release|Any CPU
	EndGlobalSection
	GlobalSection(ProjectConfigurationPlatforms) = postSolution
		{2137A4FC-0556-48C0-B465-AB2B2317761B}.Debug|Any CPU.ActiveCfg = Debug|Any CPU
		{2137A4FC-0556-48C0-B465-AB2B2317761B}.Debug|Any CPU.Build.0 = Debug|Any CPU
		{2137A4FC-0556-48C0-B465-AB2B2317761B}.Release|Any CPU.ActiveCfg = Release|Any CPU
		{2137A4FC-0556-48C0-B465-AB2B2317761B}.Release|Any CPU.Build.0 = Release|Any CPU
		{0060B514-E41A-4BD8-A759-18D4BE4BBAA1}.Debug|Any CPU.ActiveCfg = Debug|Any CPU
		{0060B514-E41A-4BD8-A759-18D4BE4BBAA1}.Debug|Any CPU.Build.0 = Debug|Any CPU
		{0060B514-E41A-4BD8-A759-18D4BE4BBAA1}.Release|Any CPU.ActiveCfg = Release|Any CPU
		{0060B514-E41A-4BD8-A759-18D4BE4BBAA1}.Release|Any CPU.Build.0 = Release|Any CPU
		{7EF161E0-DAF8-4041-BA4B-6C68AFD175D9}.Debug|Any CPU.ActiveCfg = Debug|Any CPU
		{7EF161E0-DAF8-4041-BA4B-6C68AFD175D9}.Debug|Any CPU.Build.0 = Debug|Any CPU
		{7EF161E0-DAF8-4041-BA4B-6C68AFD175D9}.Release|Any CPU.ActiveCfg = Release|Any CPU
		{7EF161E0-DAF8-4041-BA4B-6C68AFD175D9}.Release|Any CPU.Build.0 = Release|Any CPU
		{B5571589-3886-493A-ABC1-F2AD548763BE}.Debug|Any CPU.ActiveCfg = Debug|Any CPU
		{B5571589-3886-493A-ABC1-F2AD548763BE}.Debug|Any CPU.Build.0 = Debug|Any CPU
		{B5571589-3886-493A-ABC1-F2AD548763BE}.Release|Any CPU.ActiveCfg = Release|Any CPU
		{B5571589-3886-493A-ABC1-F2AD548763BE}.Release|Any CPU.Build.0 = Release|Any CPU
		{6E37CEF6-A22E-43E7-A878-571738D59529}.Debug|Any CPU.ActiveCfg = Debug|Any CPU
		{6E37CEF6-A22E-43E7-A878-571738D59529}.Debug|Any CPU.Build.0 = Debug|Any CPU
		{6E37CEF6-A22E-43E7-A878-571738D59529}.Release|Any CPU.ActiveCfg = Release|Any CPU
		{6E37CEF6-A22E-43E7-A878-571738D59529}.Release|Any CPU.Build.0 = Release|Any CPU
		{351E6F41-BC0E-48E6-8BCE-5B1C4D62C193}.Debug|Any CPU.ActiveCfg = Debug|Any CPU
		{351E6F41-BC0E-48E6-8BCE-5B1C4D62C193}.Debug|Any CPU.Build.0 = Debug|Any CPU
		{351E6F41-BC0E-48E6-8BCE-5B1C4D62C193}.Release|Any CPU.ActiveCfg = Release|Any CPU
		{351E6F41-BC0E-48E6-8BCE-5B1C4D62C193}.Release|Any CPU.Build.0 = Release|Any CPU
		{01FA4EAC-EEEC-4D44-A10C-A70418D562C7}.Debug|Any CPU.ActiveCfg = Debug|Any CPU
		{01FA4EAC-EEEC-4D44-A10C-A70418D562C7}.Debug|Any CPU.Build.0 = Debug|Any CPU
		{01FA4EAC-EEEC-4D44-A10C-A70418D562C7}.Release|Any CPU.ActiveCfg = Release|Any CPU
		{01FA4EAC-EEEC-4D44-A10C-A70418D562C7}.Release|Any CPU.Build.0 = Release|Any CPU
	EndGlobalSection
	GlobalSection(SolutionProperties) = preSolution
		HideSolutionNode = FALSE
	EndGlobalSection
	GlobalSection(NestedProjects) = preSolution
		{2137A4FC-0556-48C0-B465-AB2B2317761B} = {67B894FA-52F4-46D6-93A7-448985A56362}
		{0060B514-E41A-4BD8-A759-18D4BE4BBAA1} = {F32C4386-B67E-4143-A54A-54A773D28ADF}
		{7EF161E0-DAF8-4041-BA4B-6C68AFD175D9} = {F32C4386-B67E-4143-A54A-54A773D28ADF}
		{B5571589-3886-493A-ABC1-F2AD548763BE} = {67B894FA-52F4-46D6-93A7-448985A56362}
		{6E37CEF6-A22E-43E7-A878-571738D59529} = {67B894FA-52F4-46D6-93A7-448985A56362}
		{351E6F41-BC0E-48E6-8BCE-5B1C4D62C193} = {67B894FA-52F4-46D6-93A7-448985A56362}
		{01FA4EAC-EEEC-4D44-A10C-A70418D562C7} = {67B894FA-52F4-46D6-93A7-448985A56362}
	EndGlobalSection
	GlobalSection(ExtensibilityGlobals) = postSolution
		SolutionGuid = {7C05D9E7-3640-459E-97B6-83B4BF35A983}
	EndGlobalSection
EndGlobal
