
Microsoft Visual Studio Solution File, Format Version 12.00
# Visual Studio Version 17
VisualStudioVersion = 17.4.33110.190
MinimumVisualStudioVersion = 10.0.40219.1
Project("{FAE04EC0-301F-11D3-BF4B-00C04F79EFBC}") = "Dojo.CustomerService.CX", "Dojo.CustomerService.CX\Dojo.CustomerService.CX.csproj", "{2137A4FC-0556-48C0-B465-AB2B2317761B}"
EndProject
Global
	GlobalSection(SolutionConfigurationPlatforms) = preSolution
		Debug|Any CPU = Debug|Any CPU
		Release|Any CPU = Release|Any CPU
	EndGlobalSection
	GlobalSection(ProjectConfigurationPlatforms) = postSolution
		{2137A4FC-0556-48C0-B465-AB2B2317761B}.Debug|Any CPU.ActiveCfg = Debug|Any CPU
		{2137A4FC-0556-48C0-B465-AB2B2317761B}.Debug|Any CPU.Build.0 = Debug|Any CPU
		{2137A4FC-0556-48C0-B465-AB2B2317761B}.Release|Any CPU.ActiveCfg = Release|Any CPU
		{2137A4FC-0556-48C0-B465-AB2B2317761B}.Release|Any CPU.Build.0 = Release|Any CPU
	EndGlobalSection
	GlobalSection(SolutionProperties) = preSolution
		HideSolutionNode = FALSE
	EndGlobalSection
	GlobalSection(ExtensibilityGlobals) = postSolution
		SolutionGuid = {7C05D9E7-3640-459E-97B6-83B4BF35A983}
	EndGlobalSection
EndGlobal
